// !$*UTF8*$!
{
	archiveVersion = 1;
	classes = {
	};
	objectVersion = 56;
	objects = {

/* Begin PBXBuildFile section */
		0FD1AAEA2A8D0B9F00DA30DC /* AppDelegate.swift in Sources */ = {isa = PBXBuildFile; fileRef = 0FD1AAE92A8D0B9F00DA30DC /* AppDelegate.swift */; };
		0FD1AAEC2A8D0B9F00DA30DC /* SceneDelegate.swift in Sources */ = {isa = PBXBuildFile; fileRef = 0FD1AAEB2A8D0B9F00DA30DC /* SceneDelegate.swift */; };
		0FD1AAF12A8D0B9F00DA30DC /* Main.storyboard in Resources */ = {isa = PBXBuildFile; fileRef = 0FD1AAEF2A8D0B9F00DA30DC /* Main.storyboard */; };
		0FD1AAF32A8D0BA100DA30DC /* Assets.xcassets in Resources */ = {isa = PBXBuildFile; fileRef = 0FD1AAF22A8D0BA100DA30DC /* Assets.xcassets */; };
		0FD1AAF62A8D0BA100DA30DC /* LaunchScreen.storyboard in Resources */ = {isa = PBXBuildFile; fileRef = 0FD1AAF42A8D0BA100DA30DC /* LaunchScreen.storyboard */; };
		0FD1AB012A8D0BA100DA30DC /* ItunesSearchTests.swift in Sources */ = {isa = PBXBuildFile; fileRef = 0FD1AB002A8D0BA100DA30DC /* ItunesSearchTests.swift */; };
		0FD1AB0B2A8D0BA200DA30DC /* ItunesSearchUITests.swift in Sources */ = {isa = PBXBuildFile; fileRef = 0FD1AB0A2A8D0BA200DA30DC /* ItunesSearchUITests.swift */; };
		0FD1AB0D2A8D0BA200DA30DC /* ItunesSearchUITestsLaunchTests.swift in Sources */ = {isa = PBXBuildFile; fileRef = 0FD1AB0C2A8D0BA200DA30DC /* ItunesSearchUITestsLaunchTests.swift */; };
		0FD1AB1D2A8D0CBD00DA30DC /* MusicSearchCoordinator.swift in Sources */ = {isa = PBXBuildFile; fileRef = 0FD1AB1C2A8D0CBD00DA30DC /* MusicSearchCoordinator.swift */; };
		0FD1AB242A8D0CF600DA30DC /* MusicSearchViewModel.swift in Sources */ = {isa = PBXBuildFile; fileRef = 0FD1AB232A8D0CF600DA30DC /* MusicSearchViewModel.swift */; };
		0FD1AB262A8D0D0100DA30DC /* MusicSearchModel.swift in Sources */ = {isa = PBXBuildFile; fileRef = 0FD1AB252A8D0D0100DA30DC /* MusicSearchModel.swift */; };
		0FD1AB282A8D0D1200DA30DC /* MusicSearchViewController.swift in Sources */ = {isa = PBXBuildFile; fileRef = 0FD1AB272A8D0D1200DA30DC /* MusicSearchViewController.swift */; };
		0FD1AB2A2A8D0D1D00DA30DC /* ITunesService.swift in Sources */ = {isa = PBXBuildFile; fileRef = 0FD1AB292A8D0D1D00DA30DC /* ITunesService.swift */; };
		0FD1AB2D2A8D0D9900DA30DC /* Coordinator.swift in Sources */ = {isa = PBXBuildFile; fileRef = 0FD1AB2C2A8D0D9900DA30DC /* Coordinator.swift */; };
		0FD1AB332A8D0E4900DA30DC /* Strings.swift in Sources */ = {isa = PBXBuildFile; fileRef = 0FD1AB2E2A8D0E4900DA30DC /* Strings.swift */; };
		0FD1AB342A8D0E4900DA30DC /* Service.swift in Sources */ = {isa = PBXBuildFile; fileRef = 0FD1AB2F2A8D0E4900DA30DC /* Service.swift */; };
		0FD1AB352A8D0E4900DA30DC /* ViewCodeProtocol.swift in Sources */ = {isa = PBXBuildFile; fileRef = 0FD1AB302A8D0E4900DA30DC /* ViewCodeProtocol.swift */; };
		0FD1AB362A8D0E4900DA30DC /* Observable.swift in Sources */ = {isa = PBXBuildFile; fileRef = 0FD1AB312A8D0E4900DA30DC /* Observable.swift */; };
		0FD1AB372A8D0E4900DA30DC /* ViewModel.swift in Sources */ = {isa = PBXBuildFile; fileRef = 0FD1AB322A8D0E4900DA30DC /* ViewModel.swift */; };
		0FD1AB392A8D11E400DA30DC /* LoadingView.swift in Sources */ = {isa = PBXBuildFile; fileRef = 0FD1AB382A8D11E400DA30DC /* LoadingView.swift */; };
		0FD1AB3B2A8D12CC00DA30DC /* ErrorView.swift in Sources */ = {isa = PBXBuildFile; fileRef = 0FD1AB3A2A8D12CC00DA30DC /* ErrorView.swift */; };
		0FD1AB3D2A8D150D00DA30DC /* FirstButton.swift in Sources */ = {isa = PBXBuildFile; fileRef = 0FD1AB3C2A8D150D00DA30DC /* FirstButton.swift */; };
		0FD1AB412A8D192C00DA30DC /* MusicSearchRequest.swift in Sources */ = {isa = PBXBuildFile; fileRef = 0FD1AB402A8D192C00DA30DC /* MusicSearchRequest.swift */; };
		0FD1AB432A8D1ADE00DA30DC /* MusicsSearchResponse.swift in Sources */ = {isa = PBXBuildFile; fileRef = 0FD1AB422A8D1ADE00DA30DC /* MusicsSearchResponse.swift */; };
		0FD1AB452A8D289100DA30DC /* Constants.swift in Sources */ = {isa = PBXBuildFile; fileRef = 0FD1AB442A8D289100DA30DC /* Constants.swift */; };
		0FD1AB472A8D333C00DA30DC /* MusicsView.swift in Sources */ = {isa = PBXBuildFile; fileRef = 0FD1AB462A8D333C00DA30DC /* MusicsView.swift */; };
		0FD1AB4A2A8D350500DA30DC /* MusicsCell.swift in Sources */ = {isa = PBXBuildFile; fileRef = 0FD1AB492A8D350500DA30DC /* MusicsCell.swift */; };
		0FD1AB4D2A8D3CA700DA30DC /* UIImageView+Extension.swift in Sources */ = {isa = PBXBuildFile; fileRef = 0FD1AB4C2A8D3CA700DA30DC /* UIImageView+Extension.swift */; };
/* End PBXBuildFile section */

/* Begin PBXContainerItemProxy section */
		0FD1AAFD2A8D0BA100DA30DC /* PBXContainerItemProxy */ = {
			isa = PBXContainerItemProxy;
			containerPortal = 0FD1AADE2A8D0B9F00DA30DC /* Project object */;
			proxyType = 1;
			remoteGlobalIDString = 0FD1AAE52A8D0B9F00DA30DC;
			remoteInfo = ItunesSearch;
		};
		0FD1AB072A8D0BA200DA30DC /* PBXContainerItemProxy */ = {
			isa = PBXContainerItemProxy;
			containerPortal = 0FD1AADE2A8D0B9F00DA30DC /* Project object */;
			proxyType = 1;
			remoteGlobalIDString = 0FD1AAE52A8D0B9F00DA30DC;
			remoteInfo = ItunesSearch;
		};
/* End PBXContainerItemProxy section */

/* Begin PBXFileReference section */
		0FD1AAE62A8D0B9F00DA30DC /* ItunesSearch.app */ = {isa = PBXFileReference; explicitFileType = wrapper.application; includeInIndex = 0; path = ItunesSearch.app; sourceTree = BUILT_PRODUCTS_DIR; };
		0FD1AAE92A8D0B9F00DA30DC /* AppDelegate.swift */ = {isa = PBXFileReference; lastKnownFileType = sourcecode.swift; path = AppDelegate.swift; sourceTree = "<group>"; };
		0FD1AAEB2A8D0B9F00DA30DC /* SceneDelegate.swift */ = {isa = PBXFileReference; lastKnownFileType = sourcecode.swift; path = SceneDelegate.swift; sourceTree = "<group>"; };
		0FD1AAF02A8D0B9F00DA30DC /* Base */ = {isa = PBXFileReference; lastKnownFileType = file.storyboard; name = Base; path = Base.lproj/Main.storyboard; sourceTree = "<group>"; };
		0FD1AAF22A8D0BA100DA30DC /* Assets.xcassets */ = {isa = PBXFileReference; lastKnownFileType = folder.assetcatalog; path = Assets.xcassets; sourceTree = "<group>"; };
		0FD1AAF52A8D0BA100DA30DC /* Base */ = {isa = PBXFileReference; lastKnownFileType = file.storyboard; name = Base; path = Base.lproj/LaunchScreen.storyboard; sourceTree = "<group>"; };
		0FD1AAF72A8D0BA100DA30DC /* Info.plist */ = {isa = PBXFileReference; lastKnownFileType = text.plist.xml; path = Info.plist; sourceTree = "<group>"; };
		0FD1AAFC2A8D0BA100DA30DC /* ItunesSearchTests.xctest */ = {isa = PBXFileReference; explicitFileType = wrapper.cfbundle; includeInIndex = 0; path = ItunesSearchTests.xctest; sourceTree = BUILT_PRODUCTS_DIR; };
		0FD1AB002A8D0BA100DA30DC /* ItunesSearchTests.swift */ = {isa = PBXFileReference; lastKnownFileType = sourcecode.swift; path = ItunesSearchTests.swift; sourceTree = "<group>"; };
		0FD1AB062A8D0BA200DA30DC /* ItunesSearchUITests.xctest */ = {isa = PBXFileReference; explicitFileType = wrapper.cfbundle; includeInIndex = 0; path = ItunesSearchUITests.xctest; sourceTree = BUILT_PRODUCTS_DIR; };
		0FD1AB0A2A8D0BA200DA30DC /* ItunesSearchUITests.swift */ = {isa = PBXFileReference; lastKnownFileType = sourcecode.swift; path = ItunesSearchUITests.swift; sourceTree = "<group>"; };
		0FD1AB0C2A8D0BA200DA30DC /* ItunesSearchUITestsLaunchTests.swift */ = {isa = PBXFileReference; lastKnownFileType = sourcecode.swift; path = ItunesSearchUITestsLaunchTests.swift; sourceTree = "<group>"; };
		0FD1AB1C2A8D0CBD00DA30DC /* MusicSearchCoordinator.swift */ = {isa = PBXFileReference; lastKnownFileType = sourcecode.swift; path = MusicSearchCoordinator.swift; sourceTree = "<group>"; };
		0FD1AB232A8D0CF600DA30DC /* MusicSearchViewModel.swift */ = {isa = PBXFileReference; lastKnownFileType = sourcecode.swift; path = MusicSearchViewModel.swift; sourceTree = "<group>"; };
		0FD1AB252A8D0D0100DA30DC /* MusicSearchModel.swift */ = {isa = PBXFileReference; lastKnownFileType = sourcecode.swift; path = MusicSearchModel.swift; sourceTree = "<group>"; };
		0FD1AB272A8D0D1200DA30DC /* MusicSearchViewController.swift */ = {isa = PBXFileReference; lastKnownFileType = sourcecode.swift; path = MusicSearchViewController.swift; sourceTree = "<group>"; };
		0FD1AB292A8D0D1D00DA30DC /* ITunesService.swift */ = {isa = PBXFileReference; lastKnownFileType = sourcecode.swift; path = ITunesService.swift; sourceTree = "<group>"; };
		0FD1AB2C2A8D0D9900DA30DC /* Coordinator.swift */ = {isa = PBXFileReference; lastKnownFileType = sourcecode.swift; path = Coordinator.swift; sourceTree = "<group>"; };
		0FD1AB2E2A8D0E4900DA30DC /* Strings.swift */ = {isa = PBXFileReference; fileEncoding = 4; lastKnownFileType = sourcecode.swift; path = Strings.swift; sourceTree = "<group>"; };
		0FD1AB2F2A8D0E4900DA30DC /* Service.swift */ = {isa = PBXFileReference; fileEncoding = 4; lastKnownFileType = sourcecode.swift; path = Service.swift; sourceTree = "<group>"; };
		0FD1AB302A8D0E4900DA30DC /* ViewCodeProtocol.swift */ = {isa = PBXFileReference; fileEncoding = 4; lastKnownFileType = sourcecode.swift; path = ViewCodeProtocol.swift; sourceTree = "<group>"; };
		0FD1AB312A8D0E4900DA30DC /* Observable.swift */ = {isa = PBXFileReference; fileEncoding = 4; lastKnownFileType = sourcecode.swift; path = Observable.swift; sourceTree = "<group>"; };
		0FD1AB322A8D0E4900DA30DC /* ViewModel.swift */ = {isa = PBXFileReference; fileEncoding = 4; lastKnownFileType = sourcecode.swift; path = ViewModel.swift; sourceTree = "<group>"; };
		0FD1AB382A8D11E400DA30DC /* LoadingView.swift */ = {isa = PBXFileReference; lastKnownFileType = sourcecode.swift; path = LoadingView.swift; sourceTree = "<group>"; };
		0FD1AB3A2A8D12CC00DA30DC /* ErrorView.swift */ = {isa = PBXFileReference; lastKnownFileType = sourcecode.swift; path = ErrorView.swift; sourceTree = "<group>"; };
		0FD1AB3C2A8D150D00DA30DC /* FirstButton.swift */ = {isa = PBXFileReference; lastKnownFileType = sourcecode.swift; path = FirstButton.swift; sourceTree = "<group>"; };
		0FD1AB402A8D192C00DA30DC /* MusicSearchRequest.swift */ = {isa = PBXFileReference; lastKnownFileType = sourcecode.swift; path = MusicSearchRequest.swift; sourceTree = "<group>"; };
		0FD1AB422A8D1ADE00DA30DC /* MusicsSearchResponse.swift */ = {isa = PBXFileReference; lastKnownFileType = sourcecode.swift; path = MusicsSearchResponse.swift; sourceTree = "<group>"; };
		0FD1AB442A8D289100DA30DC /* Constants.swift */ = {isa = PBXFileReference; lastKnownFileType = sourcecode.swift; path = Constants.swift; sourceTree = "<group>"; };
		0FD1AB462A8D333C00DA30DC /* MusicsView.swift */ = {isa = PBXFileReference; lastKnownFileType = sourcecode.swift; path = MusicsView.swift; sourceTree = "<group>"; };
		0FD1AB492A8D350500DA30DC /* MusicsCell.swift */ = {isa = PBXFileReference; lastKnownFileType = sourcecode.swift; path = MusicsCell.swift; sourceTree = "<group>"; };
		0FD1AB4C2A8D3CA700DA30DC /* UIImageView+Extension.swift */ = {isa = PBXFileReference; lastKnownFileType = sourcecode.swift; path = "UIImageView+Extension.swift"; sourceTree = "<group>"; };
/* End PBXFileReference section */

/* Begin PBXFrameworksBuildPhase section */
		0FD1AAE32A8D0B9F00DA30DC /* Frameworks */ = {
			isa = PBXFrameworksBuildPhase;
			buildActionMask = 2147483647;
			files = (
			);
			runOnlyForDeploymentPostprocessing = 0;
		};
		0FD1AAF92A8D0BA100DA30DC /* Frameworks */ = {
			isa = PBXFrameworksBuildPhase;
			buildActionMask = 2147483647;
			files = (
			);
			runOnlyForDeploymentPostprocessing = 0;
		};
		0FD1AB032A8D0BA200DA30DC /* Frameworks */ = {
			isa = PBXFrameworksBuildPhase;
			buildActionMask = 2147483647;
			files = (
			);
			runOnlyForDeploymentPostprocessing = 0;
		};
/* End PBXFrameworksBuildPhase section */

/* Begin PBXGroup section */
		0FD1AADD2A8D0B9F00DA30DC = {
			isa = PBXGroup;
			children = (
				0FD1AAE82A8D0B9F00DA30DC /* ItunesSearch */,
				0FD1AAFF2A8D0BA100DA30DC /* ItunesSearchTests */,
				0FD1AB092A8D0BA200DA30DC /* ItunesSearchUITests */,
				0FD1AAE72A8D0B9F00DA30DC /* Products */,
			);
			sourceTree = "<group>";
		};
		0FD1AAE72A8D0B9F00DA30DC /* Products */ = {
			isa = PBXGroup;
			children = (
				0FD1AAE62A8D0B9F00DA30DC /* ItunesSearch.app */,
				0FD1AAFC2A8D0BA100DA30DC /* ItunesSearchTests.xctest */,
				0FD1AB062A8D0BA200DA30DC /* ItunesSearchUITests.xctest */,
			);
			name = Products;
			sourceTree = "<group>";
		};
		0FD1AAE82A8D0B9F00DA30DC /* ItunesSearch */ = {
			isa = PBXGroup;
			children = (
				0FD1AB192A8D0BC500DA30DC /* Features */,
				0FD1AAE92A8D0B9F00DA30DC /* AppDelegate.swift */,
				0FD1AAEB2A8D0B9F00DA30DC /* SceneDelegate.swift */,
				0FD1AAEF2A8D0B9F00DA30DC /* Main.storyboard */,
				0FD1AAF22A8D0BA100DA30DC /* Assets.xcassets */,
				0FD1AAF42A8D0BA100DA30DC /* LaunchScreen.storyboard */,
				0FD1AAF72A8D0BA100DA30DC /* Info.plist */,
			);
			path = ItunesSearch;
			sourceTree = "<group>";
		};
		0FD1AAFF2A8D0BA100DA30DC /* ItunesSearchTests */ = {
			isa = PBXGroup;
			children = (
				0FD1AB002A8D0BA100DA30DC /* ItunesSearchTests.swift */,
			);
			path = ItunesSearchTests;
			sourceTree = "<group>";
		};
		0FD1AB092A8D0BA200DA30DC /* ItunesSearchUITests */ = {
			isa = PBXGroup;
			children = (
				0FD1AB0A2A8D0BA200DA30DC /* ItunesSearchUITests.swift */,
				0FD1AB0C2A8D0BA200DA30DC /* ItunesSearchUITestsLaunchTests.swift */,
			);
			path = ItunesSearchUITests;
			sourceTree = "<group>";
		};
		0FD1AB192A8D0BC500DA30DC /* Features */ = {
			isa = PBXGroup;
			children = (
				0FD1AB4B2A8D3C9900DA30DC /* Extension */,
				0FD1AB2B2A8D0D8B00DA30DC /* Common */,
				0FD1AB1B2A8D0BD500DA30DC /* MusicSearch */,
				0FD1AB1A2A8D0BC900DA30DC /* MusicsList */,
			);
			path = Features;
			sourceTree = "<group>";
		};
		0FD1AB1A2A8D0BC900DA30DC /* MusicsList */ = {
			isa = PBXGroup;
			children = (
			);
			path = MusicsList;
			sourceTree = "<group>";
		};
		0FD1AB1B2A8D0BD500DA30DC /* MusicSearch */ = {
			isa = PBXGroup;
			children = (
				0FD1AB222A8D0CD400DA30DC /* Service */,
				0FD1AB212A8D0CCD00DA30DC /* Controller */,
				0FD1AB202A8D0CC900DA30DC /* Model */,
				0FD1AB1F2A8D0CC500DA30DC /* ViewModel */,
				0FD1AB1E2A8D0CC100DA30DC /* View */,
				0FD1AB1C2A8D0CBD00DA30DC /* MusicSearchCoordinator.swift */,
			);
			path = MusicSearch;
			sourceTree = "<group>";
		};
		0FD1AB1E2A8D0CC100DA30DC /* View */ = {
			isa = PBXGroup;
			children = (
				0FD1AB482A8D34EB00DA30DC /* Cell */,
				0FD1AB382A8D11E400DA30DC /* LoadingView.swift */,
				0FD1AB3A2A8D12CC00DA30DC /* ErrorView.swift */,
				0FD1AB462A8D333C00DA30DC /* MusicsView.swift */,
			);
			path = View;
			sourceTree = "<group>";
		};
		0FD1AB1F2A8D0CC500DA30DC /* ViewModel */ = {
			isa = PBXGroup;
			children = (
				0FD1AB232A8D0CF600DA30DC /* MusicSearchViewModel.swift */,
			);
			path = ViewModel;
			sourceTree = "<group>";
		};
		0FD1AB202A8D0CC900DA30DC /* Model */ = {
			isa = PBXGroup;
			children = (
				0FD1AB252A8D0D0100DA30DC /* MusicSearchModel.swift */,
			);
			path = Model;
			sourceTree = "<group>";
		};
		0FD1AB212A8D0CCD00DA30DC /* Controller */ = {
			isa = PBXGroup;
			children = (
				0FD1AB272A8D0D1200DA30DC /* MusicSearchViewController.swift */,
			);
			path = Controller;
			sourceTree = "<group>";
		};
		0FD1AB222A8D0CD400DA30DC /* Service */ = {
			isa = PBXGroup;
			children = (
				0FD1AB3F2A8D190F00DA30DC /* Request */,
				0FD1AB3E2A8D17B300DA30DC /* Response */,
				0FD1AB292A8D0D1D00DA30DC /* ITunesService.swift */,
			);
			path = Service;
			sourceTree = "<group>";
		};
		0FD1AB2B2A8D0D8B00DA30DC /* Common */ = {
			isa = PBXGroup;
			children = (
				0FD1AB312A8D0E4900DA30DC /* Observable.swift */,
				0FD1AB2F2A8D0E4900DA30DC /* Service.swift */,
				0FD1AB2E2A8D0E4900DA30DC /* Strings.swift */,
				0FD1AB302A8D0E4900DA30DC /* ViewCodeProtocol.swift */,
				0FD1AB322A8D0E4900DA30DC /* ViewModel.swift */,
				0FD1AB2C2A8D0D9900DA30DC /* Coordinator.swift */,
				0FD1AB3C2A8D150D00DA30DC /* FirstButton.swift */,
				0FD1AB442A8D289100DA30DC /* Constants.swift */,
			);
			path = Common;
			sourceTree = "<group>";
		};
		0FD1AB3E2A8D17B300DA30DC /* Response */ = {
			isa = PBXGroup;
			children = (
				0FD1AB422A8D1ADE00DA30DC /* MusicsSearchResponse.swift */,
			);
			path = Response;
			sourceTree = "<group>";
		};
		0FD1AB3F2A8D190F00DA30DC /* Request */ = {
			isa = PBXGroup;
			children = (
				0FD1AB402A8D192C00DA30DC /* MusicSearchRequest.swift */,
			);
			path = Request;
			sourceTree = "<group>";
		};
		0FD1AB482A8D34EB00DA30DC /* Cell */ = {
			isa = PBXGroup;
			children = (
				0FD1AB492A8D350500DA30DC /* MusicsCell.swift */,
			);
			path = Cell;
			sourceTree = "<group>";
		};
		0FD1AB4B2A8D3C9900DA30DC /* Extension */ = {
			isa = PBXGroup;
			children = (
				0FD1AB4C2A8D3CA700DA30DC /* UIImageView+Extension.swift */,
			);
			path = Extension;
			sourceTree = "<group>";
		};
/* End PBXGroup section */

/* Begin PBXNativeTarget section */
		0FD1AAE52A8D0B9F00DA30DC /* ItunesSearch */ = {
			isa = PBXNativeTarget;
			buildConfigurationList = 0FD1AB102A8D0BA200DA30DC /* Build configuration list for PBXNativeTarget "ItunesSearch" */;
			buildPhases = (
				0FD1AAE22A8D0B9F00DA30DC /* Sources */,
				0FD1AAE32A8D0B9F00DA30DC /* Frameworks */,
				0FD1AAE42A8D0B9F00DA30DC /* Resources */,
			);
			buildRules = (
			);
			dependencies = (
			);
			name = ItunesSearch;
			productName = ItunesSearch;
			productReference = 0FD1AAE62A8D0B9F00DA30DC /* ItunesSearch.app */;
			productType = "com.apple.product-type.application";
		};
		0FD1AAFB2A8D0BA100DA30DC /* ItunesSearchTests */ = {
			isa = PBXNativeTarget;
			buildConfigurationList = 0FD1AB132A8D0BA200DA30DC /* Build configuration list for PBXNativeTarget "ItunesSearchTests" */;
			buildPhases = (
				0FD1AAF82A8D0BA100DA30DC /* Sources */,
				0FD1AAF92A8D0BA100DA30DC /* Frameworks */,
				0FD1AAFA2A8D0BA100DA30DC /* Resources */,
			);
			buildRules = (
			);
			dependencies = (
				0FD1AAFE2A8D0BA100DA30DC /* PBXTargetDependency */,
			);
			name = ItunesSearchTests;
			productName = ItunesSearchTests;
			productReference = 0FD1AAFC2A8D0BA100DA30DC /* ItunesSearchTests.xctest */;
			productType = "com.apple.product-type.bundle.unit-test";
		};
		0FD1AB052A8D0BA200DA30DC /* ItunesSearchUITests */ = {
			isa = PBXNativeTarget;
			buildConfigurationList = 0FD1AB162A8D0BA200DA30DC /* Build configuration list for PBXNativeTarget "ItunesSearchUITests" */;
			buildPhases = (
				0FD1AB022A8D0BA200DA30DC /* Sources */,
				0FD1AB032A8D0BA200DA30DC /* Frameworks */,
				0FD1AB042A8D0BA200DA30DC /* Resources */,
			);
			buildRules = (
			);
			dependencies = (
				0FD1AB082A8D0BA200DA30DC /* PBXTargetDependency */,
			);
			name = ItunesSearchUITests;
			productName = ItunesSearchUITests;
			productReference = 0FD1AB062A8D0BA200DA30DC /* ItunesSearchUITests.xctest */;
			productType = "com.apple.product-type.bundle.ui-testing";
		};
/* End PBXNativeTarget section */

/* Begin PBXProject section */
		0FD1AADE2A8D0B9F00DA30DC /* Project object */ = {
			isa = PBXProject;
			attributes = {
				BuildIndependentTargetsInParallel = 1;
				LastSwiftUpdateCheck = 1430;
				LastUpgradeCheck = 1430;
				TargetAttributes = {
					0FD1AAE52A8D0B9F00DA30DC = {
						CreatedOnToolsVersion = 14.3.1;
					};
					0FD1AAFB2A8D0BA100DA30DC = {
						CreatedOnToolsVersion = 14.3.1;
						TestTargetID = 0FD1AAE52A8D0B9F00DA30DC;
					};
					0FD1AB052A8D0BA200DA30DC = {
						CreatedOnToolsVersion = 14.3.1;
						TestTargetID = 0FD1AAE52A8D0B9F00DA30DC;
					};
				};
			};
			buildConfigurationList = 0FD1AAE12A8D0B9F00DA30DC /* Build configuration list for PBXProject "ItunesSearch" */;
			compatibilityVersion = "Xcode 14.0";
			developmentRegion = en;
			hasScannedForEncodings = 0;
			knownRegions = (
				en,
				Base,
			);
			mainGroup = 0FD1AADD2A8D0B9F00DA30DC;
			productRefGroup = 0FD1AAE72A8D0B9F00DA30DC /* Products */;
			projectDirPath = "";
			projectRoot = "";
			targets = (
				0FD1AAE52A8D0B9F00DA30DC /* ItunesSearch */,
				0FD1AAFB2A8D0BA100DA30DC /* ItunesSearchTests */,
				0FD1AB052A8D0BA200DA30DC /* ItunesSearchUITests */,
			);
		};
/* End PBXProject section */

/* Begin PBXResourcesBuildPhase section */
		0FD1AAE42A8D0B9F00DA30DC /* Resources */ = {
			isa = PBXResourcesBuildPhase;
			buildActionMask = 2147483647;
			files = (
				0FD1AAF62A8D0BA100DA30DC /* LaunchScreen.storyboard in Resources */,
				0FD1AAF32A8D0BA100DA30DC /* Assets.xcassets in Resources */,
				0FD1AAF12A8D0B9F00DA30DC /* Main.storyboard in Resources */,
			);
			runOnlyForDeploymentPostprocessing = 0;
		};
		0FD1AAFA2A8D0BA100DA30DC /* Resources */ = {
			isa = PBXResourcesBuildPhase;
			buildActionMask = 2147483647;
			files = (
			);
			runOnlyForDeploymentPostprocessing = 0;
		};
		0FD1AB042A8D0BA200DA30DC /* Resources */ = {
			isa = PBXResourcesBuildPhase;
			buildActionMask = 2147483647;
			files = (
			);
			runOnlyForDeploymentPostprocessing = 0;
		};
/* End PBXResourcesBuildPhase section */

/* Begin PBXSourcesBuildPhase section */
		0FD1AAE22A8D0B9F00DA30DC /* Sources */ = {
			isa = PBXSourcesBuildPhase;
			buildActionMask = 2147483647;
			files = (
				0FD1AB3D2A8D150D00DA30DC /* FirstButton.swift in Sources */,
				0FD1AB452A8D289100DA30DC /* Constants.swift in Sources */,
				0FD1AB2D2A8D0D9900DA30DC /* Coordinator.swift in Sources */,
				0FD1AB332A8D0E4900DA30DC /* Strings.swift in Sources */,
				0FD1AB282A8D0D1200DA30DC /* MusicSearchViewController.swift in Sources */,
				0FD1AB432A8D1ADE00DA30DC /* MusicsSearchResponse.swift in Sources */,
				0FD1AB472A8D333C00DA30DC /* MusicsView.swift in Sources */,
				0FD1AAEA2A8D0B9F00DA30DC /* AppDelegate.swift in Sources */,
				0FD1AB362A8D0E4900DA30DC /* Observable.swift in Sources */,
				0FD1AB392A8D11E400DA30DC /* LoadingView.swift in Sources */,
				0FD1AB262A8D0D0100DA30DC /* MusicSearchModel.swift in Sources */,
				0FD1AB372A8D0E4900DA30DC /* ViewModel.swift in Sources */,
				0FD1AB4A2A8D350500DA30DC /* MusicsCell.swift in Sources */,
				0FD1AB242A8D0CF600DA30DC /* MusicSearchViewModel.swift in Sources */,
				0FD1AB352A8D0E4900DA30DC /* ViewCodeProtocol.swift in Sources */,
				0FD1AB3B2A8D12CC00DA30DC /* ErrorView.swift in Sources */,
				0FD1AB412A8D192C00DA30DC /* MusicSearchRequest.swift in Sources */,
				0FD1AAEC2A8D0B9F00DA30DC /* SceneDelegate.swift in Sources */,
				0FD1AB4D2A8D3CA700DA30DC /* UIImageView+Extension.swift in Sources */,
				0FD1AB342A8D0E4900DA30DC /* Service.swift in Sources */,
				0FD1AB1D2A8D0CBD00DA30DC /* MusicSearchCoordinator.swift in Sources */,
				0FD1AB2A2A8D0D1D00DA30DC /* ITunesService.swift in Sources */,
			);
			runOnlyForDeploymentPostprocessing = 0;
		};
		0FD1AAF82A8D0BA100DA30DC /* Sources */ = {
			isa = PBXSourcesBuildPhase;
			buildActionMask = 2147483647;
			files = (
				0FD1AB012A8D0BA100DA30DC /* ItunesSearchTests.swift in Sources */,
			);
			runOnlyForDeploymentPostprocessing = 0;
		};
		0FD1AB022A8D0BA200DA30DC /* Sources */ = {
			isa = PBXSourcesBuildPhase;
			buildActionMask = 2147483647;
			files = (
				0FD1AB0D2A8D0BA200DA30DC /* ItunesSearchUITestsLaunchTests.swift in Sources */,
				0FD1AB0B2A8D0BA200DA30DC /* ItunesSearchUITests.swift in Sources */,
			);
			runOnlyForDeploymentPostprocessing = 0;
		};
/* End PBXSourcesBuildPhase section */

/* Begin PBXTargetDependency section */
		0FD1AAFE2A8D0BA100DA30DC /* PBXTargetDependency */ = {
			isa = PBXTargetDependency;
			target = 0FD1AAE52A8D0B9F00DA30DC /* ItunesSearch */;
			targetProxy = 0FD1AAFD2A8D0BA100DA30DC /* PBXContainerItemProxy */;
		};
		0FD1AB082A8D0BA200DA30DC /* PBXTargetDependency */ = {
			isa = PBXTargetDependency;
			target = 0FD1AAE52A8D0B9F00DA30DC /* ItunesSearch */;
			targetProxy = 0FD1AB072A8D0BA200DA30DC /* PBXContainerItemProxy */;
		};
/* End PBXTargetDependency section */

/* Begin PBXVariantGroup section */
		0FD1AAEF2A8D0B9F00DA30DC /* Main.storyboard */ = {
			isa = PBXVariantGroup;
			children = (
				0FD1AAF02A8D0B9F00DA30DC /* Base */,
			);
			name = Main.storyboard;
			sourceTree = "<group>";
		};
		0FD1AAF42A8D0BA100DA30DC /* LaunchScreen.storyboard */ = {
			isa = PBXVariantGroup;
			children = (
				0FD1AAF52A8D0BA100DA30DC /* Base */,
			);
			name = LaunchScreen.storyboard;
			sourceTree = "<group>";
		};
/* End PBXVariantGroup section */

/* Begin XCBuildConfiguration section */
		0FD1AB0E2A8D0BA200DA30DC /* Debug */ = {
			isa = XCBuildConfiguration;
			buildSettings = {
				ALWAYS_SEARCH_USER_PATHS = NO;
				CLANG_ANALYZER_NONNULL = YES;
				CLANG_ANALYZER_NUMBER_OBJECT_CONVERSION = YES_AGGRESSIVE;
				CLANG_CXX_LANGUAGE_STANDARD = "gnu++20";
				CLANG_ENABLE_MODULES = YES;
				CLANG_ENABLE_OBJC_ARC = YES;
				CLANG_ENABLE_OBJC_WEAK = YES;
				CLANG_WARN_BLOCK_CAPTURE_AUTORELEASING = YES;
				CLANG_WARN_BOOL_CONVERSION = YES;
				CLANG_WARN_COMMA = YES;
				CLANG_WARN_CONSTANT_CONVERSION = YES;
				CLANG_WARN_DEPRECATED_OBJC_IMPLEMENTATIONS = YES;
				CLANG_WARN_DIRECT_OBJC_ISA_USAGE = YES_ERROR;
				CLANG_WARN_DOCUMENTATION_COMMENTS = YES;
				CLANG_WARN_EMPTY_BODY = YES;
				CLANG_WARN_ENUM_CONVERSION = YES;
				CLANG_WARN_INFINITE_RECURSION = YES;
				CLANG_WARN_INT_CONVERSION = YES;
				CLANG_WARN_NON_LITERAL_NULL_CONVERSION = YES;
				CLANG_WARN_OBJC_IMPLICIT_RETAIN_SELF = YES;
				CLANG_WARN_OBJC_LITERAL_CONVERSION = YES;
				CLANG_WARN_OBJC_ROOT_CLASS = YES_ERROR;
				CLANG_WARN_QUOTED_INCLUDE_IN_FRAMEWORK_HEADER = YES;
				CLANG_WARN_RANGE_LOOP_ANALYSIS = YES;
				CLANG_WARN_STRICT_PROTOTYPES = YES;
				CLANG_WARN_SUSPICIOUS_MOVE = YES;
				CLANG_WARN_UNGUARDED_AVAILABILITY = YES_AGGRESSIVE;
				CLANG_WARN_UNREACHABLE_CODE = YES;
				CLANG_WARN__DUPLICATE_METHOD_MATCH = YES;
				COPY_PHASE_STRIP = NO;
				DEBUG_INFORMATION_FORMAT = dwarf;
				ENABLE_STRICT_OBJC_MSGSEND = YES;
				ENABLE_TESTABILITY = YES;
				GCC_C_LANGUAGE_STANDARD = gnu11;
				GCC_DYNAMIC_NO_PIC = NO;
				GCC_NO_COMMON_BLOCKS = YES;
				GCC_OPTIMIZATION_LEVEL = 0;
				GCC_PREPROCESSOR_DEFINITIONS = (
					"DEBUG=1",
					"$(inherited)",
				);
				GCC_WARN_64_TO_32_BIT_CONVERSION = YES;
				GCC_WARN_ABOUT_RETURN_TYPE = YES_ERROR;
				GCC_WARN_UNDECLARED_SELECTOR = YES;
				GCC_WARN_UNINITIALIZED_AUTOS = YES_AGGRESSIVE;
				GCC_WARN_UNUSED_FUNCTION = YES;
				GCC_WARN_UNUSED_VARIABLE = YES;
				IPHONEOS_DEPLOYMENT_TARGET = 16.4;
				MTL_ENABLE_DEBUG_INFO = INCLUDE_SOURCE;
				MTL_FAST_MATH = YES;
				ONLY_ACTIVE_ARCH = YES;
				SDKROOT = iphoneos;
				SWIFT_ACTIVE_COMPILATION_CONDITIONS = DEBUG;
				SWIFT_OPTIMIZATION_LEVEL = "-Onone";
			};
			name = Debug;
		};
		0FD1AB0F2A8D0BA200DA30DC /* Release */ = {
			isa = XCBuildConfiguration;
			buildSettings = {
				ALWAYS_SEARCH_USER_PATHS = NO;
				CLANG_ANALYZER_NONNULL = YES;
				CLANG_ANALYZER_NUMBER_OBJECT_CONVERSION = YES_AGGRESSIVE;
				CLANG_CXX_LANGUAGE_STANDARD = "gnu++20";
				CLANG_ENABLE_MODULES = YES;
				CLANG_ENABLE_OBJC_ARC = YES;
				CLANG_ENABLE_OBJC_WEAK = YES;
				CLANG_WARN_BLOCK_CAPTURE_AUTORELEASING = YES;
				CLANG_WARN_BOOL_CONVERSION = YES;
				CLANG_WARN_COMMA = YES;
				CLANG_WARN_CONSTANT_CONVERSION = YES;
				CLANG_WARN_DEPRECATED_OBJC_IMPLEMENTATIONS = YES;
				CLANG_WARN_DIRECT_OBJC_ISA_USAGE = YES_ERROR;
				CLANG_WARN_DOCUMENTATION_COMMENTS = YES;
				CLANG_WARN_EMPTY_BODY = YES;
				CLANG_WARN_ENUM_CONVERSION = YES;
				CLANG_WARN_INFINITE_RECURSION = YES;
				CLANG_WARN_INT_CONVERSION = YES;
				CLANG_WARN_NON_LITERAL_NULL_CONVERSION = YES;
				CLANG_WARN_OBJC_IMPLICIT_RETAIN_SELF = YES;
				CLANG_WARN_OBJC_LITERAL_CONVERSION = YES;
				CLANG_WARN_OBJC_ROOT_CLASS = YES_ERROR;
				CLANG_WARN_QUOTED_INCLUDE_IN_FRAMEWORK_HEADER = YES;
				CLANG_WARN_RANGE_LOOP_ANALYSIS = YES;
				CLANG_WARN_STRICT_PROTOTYPES = YES;
				CLANG_WARN_SUSPICIOUS_MOVE = YES;
				CLANG_WARN_UNGUARDED_AVAILABILITY = YES_AGGRESSIVE;
				CLANG_WARN_UNREACHABLE_CODE = YES;
				CLANG_WARN__DUPLICATE_METHOD_MATCH = YES;
				COPY_PHASE_STRIP = NO;
				DEBUG_INFORMATION_FORMAT = "dwarf-with-dsym";
				ENABLE_NS_ASSERTIONS = NO;
				ENABLE_STRICT_OBJC_MSGSEND = YES;
				GCC_C_LANGUAGE_STANDARD = gnu11;
				GCC_NO_COMMON_BLOCKS = YES;
				GCC_WARN_64_TO_32_BIT_CONVERSION = YES;
				GCC_WARN_ABOUT_RETURN_TYPE = YES_ERROR;
				GCC_WARN_UNDECLARED_SELECTOR = YES;
				GCC_WARN_UNINITIALIZED_AUTOS = YES_AGGRESSIVE;
				GCC_WARN_UNUSED_FUNCTION = YES;
				GCC_WARN_UNUSED_VARIABLE = YES;
				IPHONEOS_DEPLOYMENT_TARGET = 16.4;
				MTL_ENABLE_DEBUG_INFO = NO;
				MTL_FAST_MATH = YES;
				SDKROOT = iphoneos;
				SWIFT_COMPILATION_MODE = wholemodule;
				SWIFT_OPTIMIZATION_LEVEL = "-O";
				VALIDATE_PRODUCT = YES;
			};
			name = Release;
		};
		0FD1AB112A8D0BA200DA30DC /* Debug */ = {
			isa = XCBuildConfiguration;
			buildSettings = {
				ASSETCATALOG_COMPILER_APPICON_NAME = AppIcon;
				ASSETCATALOG_COMPILER_GLOBAL_ACCENT_COLOR_NAME = AccentColor;
				CODE_SIGN_STYLE = Automatic;
				CURRENT_PROJECT_VERSION = 1;
				DEVELOPMENT_TEAM = 3G9G4B4KL8;
				GENERATE_INFOPLIST_FILE = YES;
				INFOPLIST_FILE = ItunesSearch/Info.plist;
				INFOPLIST_KEY_UIApplicationSupportsIndirectInputEvents = YES;
				INFOPLIST_KEY_UILaunchStoryboardName = LaunchScreen;
				INFOPLIST_KEY_UIMainStoryboardFile = Main;
				INFOPLIST_KEY_UISupportedInterfaceOrientations_iPad = "UIInterfaceOrientationPortrait UIInterfaceOrientationPortraitUpsideDown UIInterfaceOrientationLandscapeLeft UIInterfaceOrientationLandscapeRight";
				INFOPLIST_KEY_UISupportedInterfaceOrientations_iPhone = "UIInterfaceOrientationPortrait UIInterfaceOrientationLandscapeLeft UIInterfaceOrientationLandscapeRight";
				LD_RUNPATH_SEARCH_PATHS = (
					"$(inherited)",
					"@executable_path/Frameworks",
				);
				MARKETING_VERSION = 1.0;
				PRODUCT_BUNDLE_IDENTIFIER = BrenoAlves.ItunesSearch;
				PRODUCT_NAME = "$(TARGET_NAME)";
				SWIFT_EMIT_LOC_STRINGS = YES;
				SWIFT_VERSION = 5.0;
				TARGETED_DEVICE_FAMILY = "1,2";
			};
			name = Debug;
		};
		0FD1AB122A8D0BA200DA30DC /* Release */ = {
			isa = XCBuildConfiguration;
			buildSettings = {
				ASSETCATALOG_COMPILER_APPICON_NAME = AppIcon;
				ASSETCATALOG_COMPILER_GLOBAL_ACCENT_COLOR_NAME = AccentColor;
				CODE_SIGN_STYLE = Automatic;
				CURRENT_PROJECT_VERSION = 1;
				DEVELOPMENT_TEAM = 3G9G4B4KL8;
				GENERATE_INFOPLIST_FILE = YES;
				INFOPLIST_FILE = ItunesSearch/Info.plist;
				INFOPLIST_KEY_UIApplicationSupportsIndirectInputEvents = YES;
				INFOPLIST_KEY_UILaunchStoryboardName = LaunchScreen;
				INFOPLIST_KEY_UIMainStoryboardFile = Main;
				INFOPLIST_KEY_UISupportedInterfaceOrientations_iPad = "UIInterfaceOrientationPortrait UIInterfaceOrientationPortraitUpsideDown UIInterfaceOrientationLandscapeLeft UIInterfaceOrientationLandscapeRight";
				INFOPLIST_KEY_UISupportedInterfaceOrientations_iPhone = "UIInterfaceOrientationPortrait UIInterfaceOrientationLandscapeLeft UIInterfaceOrientationLandscapeRight";
				LD_RUNPATH_SEARCH_PATHS = (
					"$(inherited)",
					"@executable_path/Frameworks",
				);
				MARKETING_VERSION = 1.0;
				PRODUCT_BUNDLE_IDENTIFIER = BrenoAlves.ItunesSearch;
				PRODUCT_NAME = "$(TARGET_NAME)";
				SWIFT_EMIT_LOC_STRINGS = YES;
				SWIFT_VERSION = 5.0;
				TARGETED_DEVICE_FAMILY = "1,2";
			};
			name = Release;
		};
		0FD1AB142A8D0BA200DA30DC /* Debug */ = {
			isa = XCBuildConfiguration;
			buildSettings = {
				ALWAYS_EMBED_SWIFT_STANDARD_LIBRARIES = YES;
				BUNDLE_LOADER = "$(TEST_HOST)";
				CODE_SIGN_STYLE = Automatic;
				CURRENT_PROJECT_VERSION = 1;
				DEVELOPMENT_TEAM = 3G9G4B4KL8;
				GENERATE_INFOPLIST_FILE = YES;
				IPHONEOS_DEPLOYMENT_TARGET = 16.4;
				MARKETING_VERSION = 1.0;
				PRODUCT_BUNDLE_IDENTIFIER = BrenoAlves.ItunesSearchTests;
				PRODUCT_NAME = "$(TARGET_NAME)";
				SWIFT_EMIT_LOC_STRINGS = NO;
				SWIFT_VERSION = 5.0;
				TARGETED_DEVICE_FAMILY = "1,2";
				TEST_HOST = "$(BUILT_PRODUCTS_DIR)/ItunesSearch.app/$(BUNDLE_EXECUTABLE_FOLDER_PATH)/ItunesSearch";
			};
			name = Debug;
		};
		0FD1AB152A8D0BA200DA30DC /* Release */ = {
			isa = XCBuildConfiguration;
			buildSettings = {
				ALWAYS_EMBED_SWIFT_STANDARD_LIBRARIES = YES;
				BUNDLE_LOADER = "$(TEST_HOST)";
				CODE_SIGN_STYLE = Automatic;
				CURRENT_PROJECT_VERSION = 1;
				DEVELOPMENT_TEAM = 3G9G4B4KL8;
				GENERATE_INFOPLIST_FILE = YES;
				IPHONEOS_DEPLOYMENT_TARGET = 16.4;
				MARKETING_VERSION = 1.0;
				PRODUCT_BUNDLE_IDENTIFIER = BrenoAlves.ItunesSearchTests;
				PRODUCT_NAME = "$(TARGET_NAME)";
				SWIFT_EMIT_LOC_STRINGS = NO;
				SWIFT_VERSION = 5.0;
				TARGETED_DEVICE_FAMILY = "1,2";
				TEST_HOST = "$(BUILT_PRODUCTS_DIR)/ItunesSearch.app/$(BUNDLE_EXECUTABLE_FOLDER_PATH)/ItunesSearch";
			};
			name = Release;
		};
		0FD1AB172A8D0BA200DA30DC /* Debug */ = {
			isa = XCBuildConfiguration;
			buildSettings = {
				ALWAYS_EMBED_SWIFT_STANDARD_LIBRARIES = YES;
				CODE_SIGN_STYLE = Automatic;
				CURRENT_PROJECT_VERSION = 1;
				DEVELOPMENT_TEAM = 3G9G4B4KL8;
				GENERATE_INFOPLIST_FILE = YES;
				MARKETING_VERSION = 1.0;
				PRODUCT_BUNDLE_IDENTIFIER = BrenoAlves.ItunesSearchUITests;
				PRODUCT_NAME = "$(TARGET_NAME)";
				SWIFT_EMIT_LOC_STRINGS = NO;
				SWIFT_VERSION = 5.0;
				TARGETED_DEVICE_FAMILY = "1,2";
				TEST_TARGET_NAME = ItunesSearch;
			};
			name = Debug;
		};
		0FD1AB182A8D0BA200DA30DC /* Release */ = {
			isa = XCBuildConfiguration;
			buildSettings = {
				ALWAYS_EMBED_SWIFT_STANDARD_LIBRARIES = YES;
				CODE_SIGN_STYLE = Automatic;
				CURRENT_PROJECT_VERSION = 1;
				DEVELOPMENT_TEAM = 3G9G4B4KL8;
				GENERATE_INFOPLIST_FILE = YES;
				MARKETING_VERSION = 1.0;
				PRODUCT_BUNDLE_IDENTIFIER = BrenoAlves.ItunesSearchUITests;
				PRODUCT_NAME = "$(TARGET_NAME)";
				SWIFT_EMIT_LOC_STRINGS = NO;
				SWIFT_VERSION = 5.0;
				TARGETED_DEVICE_FAMILY = "1,2";
				TEST_TARGET_NAME = ItunesSearch;
			};
			name = Release;
		};
/* End XCBuildConfiguration section */

/* Begin XCConfigurationList section */
		0FD1AAE12A8D0B9F00DA30DC /* Build configuration list for PBXProject "ItunesSearch" */ = {
			isa = XCConfigurationList;
			buildConfigurations = (
				0FD1AB0E2A8D0BA200DA30DC /* Debug */,
				0FD1AB0F2A8D0BA200DA30DC /* Release */,
			);
			defaultConfigurationIsVisible = 0;
			defaultConfigurationName = Release;
		};
		0FD1AB102A8D0BA200DA30DC /* Build configuration list for PBXNativeTarget "ItunesSearch" */ = {
			isa = XCConfigurationList;
			buildConfigurations = (
				0FD1AB112A8D0BA200DA30DC /* Debug */,
				0FD1AB122A8D0BA200DA30DC /* Release */,
			);
			defaultConfigurationIsVisible = 0;
			defaultConfigurationName = Release;
		};
		0FD1AB132A8D0BA200DA30DC /* Build configuration list for PBXNativeTarget "ItunesSearchTests" */ = {
			isa = XCConfigurationList;
			buildConfigurations = (
				0FD1AB142A8D0BA200DA30DC /* Debug */,
				0FD1AB152A8D0BA200DA30DC /* Release */,
			);
			defaultConfigurationIsVisible = 0;
			defaultConfigurationName = Release;
		};
		0FD1AB162A8D0BA200DA30DC /* Build configuration list for PBXNativeTarget "ItunesSearchUITests" */ = {
			isa = XCConfigurationList;
			buildConfigurations = (
				0FD1AB172A8D0BA200DA30DC /* Debug */,
				0FD1AB182A8D0BA200DA30DC /* Release */,
			);
			defaultConfigurationIsVisible = 0;
			defaultConfigurationName = Release;
		};
/* End XCConfigurationList section */
	};
	rootObject = 0FD1AADE2A8D0B9F00DA30DC /* Project object */;
}
